// !$*UTF8*$!
{
	archiveVersion = 1;
	classes = {
	};
	objectVersion = 52;
	objects = {

/* Begin PBXBuildFile section */
		801E577223DE74B1000C16BA /* AppDelegate.swift in Sources */ = {isa = PBXBuildFile; fileRef = 801E577123DE74B1000C16BA /* AppDelegate.swift */; };
		801E577423DE74B1000C16BA /* SceneDelegate.swift in Sources */ = {isa = PBXBuildFile; fileRef = 801E577323DE74B1000C16BA /* SceneDelegate.swift */; };
		801E577623DE74B1000C16BA /* PhotoJournalEntries.swift in Sources */ = {isa = PBXBuildFile; fileRef = 801E577523DE74B1000C16BA /* PhotoJournalEntries.swift */; };
		801E577923DE74B1000C16BA /* Main.storyboard in Resources */ = {isa = PBXBuildFile; fileRef = 801E577723DE74B1000C16BA /* Main.storyboard */; };
		801E577B23DE74B2000C16BA /* Assets.xcassets in Resources */ = {isa = PBXBuildFile; fileRef = 801E577A23DE74B2000C16BA /* Assets.xcassets */; };
		801E577E23DE74B2000C16BA /* LaunchScreen.storyboard in Resources */ = {isa = PBXBuildFile; fileRef = 801E577C23DE74B2000C16BA /* LaunchScreen.storyboard */; };
		801E578623DE7A1B000C16BA /* CollectionViewCell.swift in Sources */ = {isa = PBXBuildFile; fileRef = 801E578523DE7A1B000C16BA /* CollectionViewCell.swift */; };
		801E578823DE7A3A000C16BA /* PhotoEntryViewController.swift in Sources */ = {isa = PBXBuildFile; fileRef = 801E578723DE7A3A000C16BA /* PhotoEntryViewController.swift */; };
		801E578C23DE7ACE000C16BA /* DataPersistence in Frameworks */ = {isa = PBXBuildFile; productRef = 801E578B23DE7ACE000C16BA /* DataPersistence */; };
/* End PBXBuildFile section */

/* Begin PBXFileReference section */
		801E576E23DE74B1000C16BA /* PhotoJournal.app */ = {isa = PBXFileReference; explicitFileType = wrapper.application; includeInIndex = 0; path = PhotoJournal.app; sourceTree = BUILT_PRODUCTS_DIR; };
		801E577123DE74B1000C16BA /* AppDelegate.swift */ = {isa = PBXFileReference; lastKnownFileType = sourcecode.swift; path = AppDelegate.swift; sourceTree = "<group>"; };
		801E577323DE74B1000C16BA /* SceneDelegate.swift */ = {isa = PBXFileReference; lastKnownFileType = sourcecode.swift; path = SceneDelegate.swift; sourceTree = "<group>"; };
		801E577523DE74B1000C16BA /* PhotoJournalEntries.swift */ = {isa = PBXFileReference; lastKnownFileType = sourcecode.swift; path = PhotoJournalEntries.swift; sourceTree = "<group>"; };
		801E577823DE74B1000C16BA /* Base */ = {isa = PBXFileReference; lastKnownFileType = file.storyboard; name = Base; path = Base.lproj/Main.storyboard; sourceTree = "<group>"; };
		801E577A23DE74B2000C16BA /* Assets.xcassets */ = {isa = PBXFileReference; lastKnownFileType = folder.assetcatalog; path = Assets.xcassets; sourceTree = "<group>"; };
		801E577D23DE74B2000C16BA /* Base */ = {isa = PBXFileReference; lastKnownFileType = file.storyboard; name = Base; path = Base.lproj/LaunchScreen.storyboard; sourceTree = "<group>"; };
		801E577F23DE74B2000C16BA /* Info.plist */ = {isa = PBXFileReference; lastKnownFileType = text.plist.xml; path = Info.plist; sourceTree = "<group>"; };
		801E578523DE7A1B000C16BA /* CollectionViewCell.swift */ = {isa = PBXFileReference; lastKnownFileType = sourcecode.swift; path = CollectionViewCell.swift; sourceTree = "<group>"; };
		801E578723DE7A3A000C16BA /* PhotoEntryViewController.swift */ = {isa = PBXFileReference; lastKnownFileType = sourcecode.swift; path = PhotoEntryViewController.swift; sourceTree = "<group>"; };
/* End PBXFileReference section */

/* Begin PBXFrameworksBuildPhase section */
		801E576B23DE74B1000C16BA /* Frameworks */ = {
			isa = PBXFrameworksBuildPhase;
			buildActionMask = 2147483647;
			files = (
				801E578C23DE7ACE000C16BA /* DataPersistence in Frameworks */,
			);
			runOnlyForDeploymentPostprocessing = 0;
		};
/* End PBXFrameworksBuildPhase section */

/* Begin PBXGroup section */
		801E576523DE74B1000C16BA = {
			isa = PBXGroup;
			children = (
				801E577023DE74B1000C16BA /* PhotoJournal */,
				801E576F23DE74B1000C16BA /* Products */,
			);
			sourceTree = "<group>";
		};
		801E576F23DE74B1000C16BA /* Products */ = {
			isa = PBXGroup;
			children = (
				801E576E23DE74B1000C16BA /* PhotoJournal.app */,
			);
			name = Products;
			sourceTree = "<group>";
		};
		801E577023DE74B1000C16BA /* PhotoJournal */ = {
			isa = PBXGroup;
			children = (
				801E577123DE74B1000C16BA /* AppDelegate.swift */,
				801E577323DE74B1000C16BA /* SceneDelegate.swift */,
				801E578523DE7A1B000C16BA /* CollectionViewCell.swift */,
				801E578923DE7A4F000C16BA /* View Controllers */,
				801E577723DE74B1000C16BA /* Main.storyboard */,
				801E577A23DE74B2000C16BA /* Assets.xcassets */,
				801E577C23DE74B2000C16BA /* LaunchScreen.storyboard */,
				801E577F23DE74B2000C16BA /* Info.plist */,
			);
			path = PhotoJournal;
			sourceTree = "<group>";
		};
		801E578923DE7A4F000C16BA /* View Controllers */ = {
			isa = PBXGroup;
			children = (
				801E577523DE74B1000C16BA /* PhotoJournalEntries.swift */,
				801E578723DE7A3A000C16BA /* PhotoEntryViewController.swift */,
			);
			path = "View Controllers";
			sourceTree = "<group>";
		};
/* End PBXGroup section */

/* Begin PBXNativeTarget section */
		801E576D23DE74B1000C16BA /* PhotoJournal */ = {
			isa = PBXNativeTarget;
			buildConfigurationList = 801E578223DE74B2000C16BA /* Build configuration list for PBXNativeTarget "PhotoJournal" */;
			buildPhases = (
				801E576A23DE74B1000C16BA /* Sources */,
				801E576B23DE74B1000C16BA /* Frameworks */,
				801E576C23DE74B1000C16BA /* Resources */,
			);
			buildRules = (
			);
			dependencies = (
			);
			name = PhotoJournal;
			packageProductDependencies = (
				801E578B23DE7ACE000C16BA /* DataPersistence */,
			);
			productName = PhotoJournal;
			productReference = 801E576E23DE74B1000C16BA /* PhotoJournal.app */;
			productType = "com.apple.product-type.application";
		};
/* End PBXNativeTarget section */

/* Begin PBXProject section */
		801E576623DE74B1000C16BA /* Project object */ = {
			isa = PBXProject;
			attributes = {
				LastSwiftUpdateCheck = 1120;
				LastUpgradeCheck = 1120;
				ORGANIZATIONNAME = "Maitree Bain";
				TargetAttributes = {
					801E576D23DE74B1000C16BA = {
						CreatedOnToolsVersion = 11.2.1;
					};
				};
			};
			buildConfigurationList = 801E576923DE74B1000C16BA /* Build configuration list for PBXProject "PhotoJournal" */;
			compatibilityVersion = "Xcode 9.3";
			developmentRegion = en;
			hasScannedForEncodings = 0;
			knownRegions = (
				en,
				Base,
			);
			mainGroup = 801E576523DE74B1000C16BA;
			packageReferences = (
				801E578A23DE7ACE000C16BA /* XCRemoteSwiftPackageReference "DataPersistence" */,
			);
			productRefGroup = 801E576F23DE74B1000C16BA /* Products */;
			projectDirPath = "";
			projectRoot = "";
			targets = (
				801E576D23DE74B1000C16BA /* PhotoJournal */,
			);
		};
/* End PBXProject section */

/* Begin PBXResourcesBuildPhase section */
		801E576C23DE74B1000C16BA /* Resources */ = {
			isa = PBXResourcesBuildPhase;
			buildActionMask = 2147483647;
			files = (
				801E577E23DE74B2000C16BA /* LaunchScreen.storyboard in Resources */,
				801E577B23DE74B2000C16BA /* Assets.xcassets in Resources */,
				801E577923DE74B1000C16BA /* Main.storyboard in Resources */,
			);
			runOnlyForDeploymentPostprocessing = 0;
		};
/* End PBXResourcesBuildPhase section */

/* Begin PBXSourcesBuildPhase section */
		801E576A23DE74B1000C16BA /* Sources */ = {
			isa = PBXSourcesBuildPhase;
			buildActionMask = 2147483647;
			files = (
				801E577623DE74B1000C16BA /* PhotoJournalEntries.swift in Sources */,
				801E577223DE74B1000C16BA /* AppDelegate.swift in Sources */,
				801E578623DE7A1B000C16BA /* CollectionViewCell.swift in Sources */,
				801E577423DE74B1000C16BA /* SceneDelegate.swift in Sources */,
				801E578823DE7A3A000C16BA /* PhotoEntryViewController.swift in Sources */,
			);
			runOnlyForDeploymentPostprocessing = 0;
		};
/* End PBXSourcesBuildPhase section */

/* Begin PBXVariantGroup section */
		801E577723DE74B1000C16BA /* Main.storyboard */ = {
			isa = PBXVariantGroup;
			children = (
				801E577823DE74B1000C16BA /* Base */,
			);
			name = Main.storyboard;
			sourceTree = "<group>";
		};
		801E577C23DE74B2000C16BA /* LaunchScreen.storyboard */ = {
			isa = PBXVariantGroup;
			children = (
				801E577D23DE74B2000C16BA /* Base */,
			);
			name = LaunchScreen.storyboard;
			sourceTree = "<group>";
		};
/* End PBXVariantGroup section */

/* Begin XCBuildConfiguration section */
		801E578023DE74B2000C16BA /* Debug */ = {
			isa = XCBuildConfiguration;
			buildSettings = {
				ALWAYS_SEARCH_USER_PATHS = NO;
				CLANG_ANALYZER_NONNULL = YES;
				CLANG_ANALYZER_NUMBER_OBJECT_CONVERSION = YES_AGGRESSIVE;
				CLANG_CXX_LANGUAGE_STANDARD = "gnu++14";
				CLANG_CXX_LIBRARY = "libc++";
				CLANG_ENABLE_MODULES = YES;
				CLANG_ENABLE_OBJC_ARC = YES;
				CLANG_ENABLE_OBJC_WEAK = YES;
				CLANG_WARN_BLOCK_CAPTURE_AUTORELEASING = YES;
				CLANG_WARN_BOOL_CONVERSION = YES;
				CLANG_WARN_COMMA = YES;
				CLANG_WARN_CONSTANT_CONVERSION = YES;
				CLANG_WARN_DEPRECATED_OBJC_IMPLEMENTATIONS = YES;
				CLANG_WARN_DIRECT_OBJC_ISA_USAGE = YES_ERROR;
				CLANG_WARN_DOCUMENTATION_COMMENTS = YES;
				CLANG_WARN_EMPTY_BODY = YES;
				CLANG_WARN_ENUM_CONVERSION = YES;
				CLANG_WARN_INFINITE_RECURSION = YES;
				CLANG_WARN_INT_CONVERSION = YES;
				CLANG_WARN_NON_LITERAL_NULL_CONVERSION = YES;
				CLANG_WARN_OBJC_IMPLICIT_RETAIN_SELF = YES;
				CLANG_WARN_OBJC_LITERAL_CONVERSION = YES;
				CLANG_WARN_OBJC_ROOT_CLASS = YES_ERROR;
				CLANG_WARN_RANGE_LOOP_ANALYSIS = YES;
				CLANG_WARN_STRICT_PROTOTYPES = YES;
				CLANG_WARN_SUSPICIOUS_MOVE = YES;
				CLANG_WARN_UNGUARDED_AVAILABILITY = YES_AGGRESSIVE;
				CLANG_WARN_UNREACHABLE_CODE = YES;
				CLANG_WARN__DUPLICATE_METHOD_MATCH = YES;
				COPY_PHASE_STRIP = NO;
				DEBUG_INFORMATION_FORMAT = dwarf;
				ENABLE_STRICT_OBJC_MSGSEND = YES;
				ENABLE_TESTABILITY = YES;
				GCC_C_LANGUAGE_STANDARD = gnu11;
				GCC_DYNAMIC_NO_PIC = NO;
				GCC_NO_COMMON_BLOCKS = YES;
				GCC_OPTIMIZATION_LEVEL = 0;
				GCC_PREPROCESSOR_DEFINITIONS = (
					"DEBUG=1",
					"$(inherited)",
				);
				GCC_WARN_64_TO_32_BIT_CONVERSION = YES;
				GCC_WARN_ABOUT_RETURN_TYPE = YES_ERROR;
				GCC_WARN_UNDECLARED_SELECTOR = YES;
				GCC_WARN_UNINITIALIZED_AUTOS = YES_AGGRESSIVE;
				GCC_WARN_UNUSED_FUNCTION = YES;
				GCC_WARN_UNUSED_VARIABLE = YES;
				IPHONEOS_DEPLOYMENT_TARGET = 13.2;
				MTL_ENABLE_DEBUG_INFO = INCLUDE_SOURCE;
				MTL_FAST_MATH = YES;
				ONLY_ACTIVE_ARCH = YES;
				SDKROOT = iphoneos;
				SWIFT_ACTIVE_COMPILATION_CONDITIONS = DEBUG;
				SWIFT_OPTIMIZATION_LEVEL = "-Onone";
			};
			name = Debug;
		};
		801E578123DE74B2000C16BA /* Release */ = {
			isa = XCBuildConfiguration;
			buildSettings = {
				ALWAYS_SEARCH_USER_PATHS = NO;
				CLANG_ANALYZER_NONNULL = YES;
				CLANG_ANALYZER_NUMBER_OBJECT_CONVERSION = YES_AGGRESSIVE;
				CLANG_CXX_LANGUAGE_STANDARD = "gnu++14";
				CLANG_CXX_LIBRARY = "libc++";
				CLANG_ENABLE_MODULES = YES;
				CLANG_ENABLE_OBJC_ARC = YES;
				CLANG_ENABLE_OBJC_WEAK = YES;
				CLANG_WARN_BLOCK_CAPTURE_AUTORELEASING = YES;
				CLANG_WARN_BOOL_CONVERSION = YES;
				CLANG_WARN_COMMA = YES;
				CLANG_WARN_CONSTANT_CONVERSION = YES;
				CLANG_WARN_DEPRECATED_OBJC_IMPLEMENTATIONS = YES;
				CLANG_WARN_DIRECT_OBJC_ISA_USAGE = YES_ERROR;
				CLANG_WARN_DOCUMENTATION_COMMENTS = YES;
				CLANG_WARN_EMPTY_BODY = YES;
				CLANG_WARN_ENUM_CONVERSION = YES;
				CLANG_WARN_INFINITE_RECURSION = YES;
				CLANG_WARN_INT_CONVERSION = YES;
				CLANG_WARN_NON_LITERAL_NULL_CONVERSION = YES;
				CLANG_WARN_OBJC_IMPLICIT_RETAIN_SELF = YES;
				CLANG_WARN_OBJC_LITERAL_CONVERSION = YES;
				CLANG_WARN_OBJC_ROOT_CLASS = YES_ERROR;
				CLANG_WARN_RANGE_LOOP_ANALYSIS = YES;
				CLANG_WARN_STRICT_PROTOTYPES = YES;
				CLANG_WARN_SUSPICIOUS_MOVE = YES;
				CLANG_WARN_UNGUARDED_AVAILABILITY = YES_AGGRESSIVE;
				CLANG_WARN_UNREACHABLE_CODE = YES;
				CLANG_WARN__DUPLICATE_METHOD_MATCH = YES;
				COPY_PHASE_STRIP = NO;
				DEBUG_INFORMATION_FORMAT = "dwarf-with-dsym";
				ENABLE_NS_ASSERTIONS = NO;
				ENABLE_STRICT_OBJC_MSGSEND = YES;
				GCC_C_LANGUAGE_STANDARD = gnu11;
				GCC_NO_COMMON_BLOCKS = YES;
				GCC_WARN_64_TO_32_BIT_CONVERSION = YES;
				GCC_WARN_ABOUT_RETURN_TYPE = YES_ERROR;
				GCC_WARN_UNDECLARED_SELECTOR = YES;
				GCC_WARN_UNINITIALIZED_AUTOS = YES_AGGRESSIVE;
				GCC_WARN_UNUSED_FUNCTION = YES;
				GCC_WARN_UNUSED_VARIABLE = YES;
				IPHONEOS_DEPLOYMENT_TARGET = 13.2;
				MTL_ENABLE_DEBUG_INFO = NO;
				MTL_FAST_MATH = YES;
				SDKROOT = iphoneos;
				SWIFT_COMPILATION_MODE = wholemodule;
				SWIFT_OPTIMIZATION_LEVEL = "-O";
				VALIDATE_PRODUCT = YES;
			};
			name = Release;
		};
		801E578323DE74B2000C16BA /* Debug */ = {
			isa = XCBuildConfiguration;
			buildSettings = {
				ASSETCATALOG_COMPILER_APPICON_NAME = AppIcon;
				CODE_SIGN_STYLE = Automatic;
				DEVELOPMENT_TEAM = P547T297G7;
				INFOPLIST_FILE = PhotoJournal/Info.plist;
				LD_RUNPATH_SEARCH_PATHS = (
					"$(inherited)",
					"@executable_path/Frameworks",
				);
				PRODUCT_BUNDLE_IDENTIFIER = com.MaitreeBain.PhotoJournal;
				PRODUCT_NAME = "$(TARGET_NAME)";
				SWIFT_VERSION = 5.0;
				TARGETED_DEVICE_FAMILY = "1,2";
			};
			name = Debug;
		};
		801E578423DE74B2000C16BA /* Release */ = {
			isa = XCBuildConfiguration;
			buildSettings = {
				ASSETCATALOG_COMPILER_APPICON_NAME = AppIcon;
				CODE_SIGN_STYLE = Automatic;
				DEVELOPMENT_TEAM = P547T297G7;
				INFOPLIST_FILE = PhotoJournal/Info.plist;
				LD_RUNPATH_SEARCH_PATHS = (
					"$(inherited)",
					"@executable_path/Frameworks",
				);
				PRODUCT_BUNDLE_IDENTIFIER = com.MaitreeBain.PhotoJournal;
				PRODUCT_NAME = "$(TARGET_NAME)";
				SWIFT_VERSION = 5.0;
				TARGETED_DEVICE_FAMILY = "1,2";
			};
			name = Release;
		};
/* End XCBuildConfiguration section */

/* Begin XCConfigurationList section */
		801E576923DE74B1000C16BA /* Build configuration list for PBXProject "PhotoJournal" */ = {
			isa = XCConfigurationList;
			buildConfigurations = (
				801E578023DE74B2000C16BA /* Debug */,
				801E578123DE74B2000C16BA /* Release */,
			);
			defaultConfigurationIsVisible = 0;
			defaultConfigurationName = Release;
		};
		801E578223DE74B2000C16BA /* Build configuration list for PBXNativeTarget "PhotoJournal" */ = {
			isa = XCConfigurationList;
			buildConfigurations = (
				801E578323DE74B2000C16BA /* Debug */,
				801E578423DE74B2000C16BA /* Release */,
			);
			defaultConfigurationIsVisible = 0;
			defaultConfigurationName = Release;
		};
/* End XCConfigurationList section */

/* Begin XCRemoteSwiftPackageReference section */
		801E578A23DE7ACE000C16BA /* XCRemoteSwiftPackageReference "DataPersistence" */ = {
			isa = XCRemoteSwiftPackageReference;
			repositoryURL = "https://github.com/alexpaul/DataPersistence";
			requirement = {
				kind = upToNextMajorVersion;
				minimumVersion = 1.1.0;
			};
		};
/* End XCRemoteSwiftPackageReference section */

/* Begin XCSwiftPackageProductDependency section */
		801E578B23DE7ACE000C16BA /* DataPersistence */ = {
			isa = XCSwiftPackageProductDependency;
			package = 801E578A23DE7ACE000C16BA /* XCRemoteSwiftPackageReference "DataPersistence" */;
			productName = DataPersistence;
		};
/* End XCSwiftPackageProductDependency section */
	};
	rootObject = 801E576623DE74B1000C16BA /* Project object */;
}
